{
  "name": "durabl",
  "version": "0.1.0",
  "lockfileVersion": 3,
  "requires": true,
  "packages": {
    "": {
      "name": "durabl",
      "version": "0.1.0",
      "license": "Apache-2.0",
      "dependencies": {
        "@restatedev/restate-sdk": "1.14.4",
        "@restatedev/restate-sdk-clients": "1.14.4"
      },
      "devDependencies": {
        "@restatedev/restate": "^1.6.2",
        "@restatedev/restate-server": "^1.6.2",
        "@types/node": "^22.10.0",
        "typescript": "^5.7.0"
      },
      "engines": {
        "node": ">=22.5.0"
      }
    },
    "node_modules/@restatedev/restate": {
      "version": "1.6.2",
      "resolved": "https://registry.npmjs.org/@restatedev/restate/-/restate-1.6.2.tgz",
      "integrity": "sha512-GeQJXcsRe/ccAQ3tiHe7K9PS8hPc9ZkZ1VtGGoelITwJ58Ch5iO4W50h7Drc403Ln4WD/tOUp8F1WbuubfnT+A==",
      "dev": true,
      "license": "BSL",
      "dependencies": {
        "@scarf/scarf": "^1.4.0"
      },
      "bin": {
        "restate": "lib/index.js"
      },
      "optionalDependencies": {
        "@restatedev/restate-darwin-arm64": "1.6.2",
        "@restatedev/restate-darwin-x64": "1.6.2",
        "@restatedev/restate-linux-arm64": "1.6.2",
        "@restatedev/restate-linux-x64": "1.6.2"
      }
    },
    "node_modules/@restatedev/restate-darwin-arm64": {
      "version": "1.6.2",
      "resolved": "https://registry.npmjs.org/@restatedev/restate-darwin-arm64/-/restate-darwin-arm64-1.6.2.tgz",
      "integrity": "sha512-ZuooxksLBkS5n+DYPaBYgUm2NNBQAjgndfsaHwiVGv2g5jl1S3lr181KXfC7VUVDKm6J+4xQSh4xlImc8paEfQ==",
      "cpu": [
        "arm64"
      ],
      "dev": true,
      "license": "BSL",
      "optional": true,
      "os": [
        "darwin"
      ]
    },
    "node_modules/@restatedev/restate-darwin-x64": {
      "version": "1.6.2",
      "resolved": "https://registry.npmjs.org/@restatedev/restate-darwin-x64/-/restate-darwin-x64-1.6.2.tgz",
      "integrity": "sha512-x+F9gxMiQu2nr4dR5wZDfUxREvSoxVI+F+NWybGWTZmOKqmjaBN8Wfc9rrqwrH2wWAemUsSlgD/yIn0CFVQ4Qw==",
      "cpu": [
        "x64"
      ],
      "dev": true,
      "license": "BSL",
      "optional": true,
      "os": [
        "darwin"
      ]
    },
    "node_modules/@restatedev/restate-linux-arm64": {
      "version": "1.6.2",
      "resolved": "https://registry.npmjs.org/@restatedev/restate-linux-arm64/-/restate-linux-arm64-1.6.2.tgz",
      "integrity": "sha512-HzumU8Tf+DKy7OTSmmlUEZ/27Sm21RM5jYqVVcByOTxfIS/iMp0e8cTlgte4esUjIfisCC0U10+ejHhiGAGidA==",
      "cpu": [
        "arm64"
      ],
      "dev": true,
      "license": "BSL",
      "optional": true,
      "os": [
        "linux"
      ]
    },
    "node_modules/@restatedev/restate-linux-x64": {
      "version": "1.6.2",
      "resolved": "https://registry.npmjs.org/@restatedev/restate-linux-x64/-/restate-linux-x64-1.6.2.tgz",
      "integrity": "sha512-wlbwxbplRtSPrMydAyD8akjhAQlHBfopIlO4PDADaG/rd16E0yDSyC35FaLuo9WfKHwj3U6Oqxto0xUpJij6zg==",
      "cpu": [
        "x64"
      ],
      "dev": true,
      "license": "BSL",
      "optional": true,
      "os": [
        "linux"
      ]
    },
    "node_modules/@restatedev/restate-sdk": {
      "version": "1.14.4",
      "resolved": "https://registry.npmjs.org/@restatedev/restate-sdk/-/restate-sdk-1.14.4.tgz",
      "integrity": "sha512-H3nqBlHvNwDgfYdAqTe7+fgvkRoNrOOKVKwPB2/ucDyLZUx15yr3FU5aKWQCuM0TVvkSE3bwYWvLIXoVUpEbtw==",
      "license": "MIT",
      "dependencies": {
        "@restatedev/restate-sdk-core": "1.14.4"
      }
    },
    "node_modules/@restatedev/restate-sdk-clients": {
      "version": "1.14.4",
      "resolved": "https://registry.npmjs.org/@restatedev/restate-sdk-clients/-/restate-sdk-clients-1.14.4.tgz",
      "integrity": "sha512-MMDnfYAO6coxaKRHO388xDsLF6UysKlwjRI9Xi+U7IH/wJI/nFUCN7JdrzJr+hS3xmUITT+T6u5HKYa9yAyRQA==",
      "license": "MIT",
      "dependencies": {
        "@restatedev/restate-sdk-core": "1.14.4"
      }
    },
    "node_modules/@restatedev/restate-sdk-core": {
      "version": "1.14.4",
      "resolved": "https://registry.npmjs.org/@restatedev/restate-sdk-core/-/restate-sdk-core-1.14.4.tgz",
      "integrity": "sha512-q1ukObKmcwRSznuOt73TST6kvh8mjQaWU9dmHhbWCbx2xddUsj4LiGD2MkuTfMhl42SFNCdbp6Lvew1Wy+7IlQ==",
      "license": "MIT"
    },
    "node_modules/@restatedev/restate-server": {
      "version": "1.6.2",
      "resolved": "https://registry.npmjs.org/@restatedev/restate-server/-/restate-server-1.6.2.tgz",
      "integrity": "sha512-E830abSSYT7yvw7Njnou53wEL7eWH4fGiy03Krg2lVK2AWRPf92btVFmY6LO7GFxGFrY/mqzAzIJlw0wOpNxNQ==",
      "dev": true,
      "license": "BSL",
      "dependencies": {
        "@scarf/scarf": "^1.4.0"
      },
      "bin": {
        "restate-server": "lib/index.js"
      },
      "optionalDependencies": {
        "@restatedev/restate-server-darwin-arm64": "1.6.2",
        "@restatedev/restate-server-darwin-x64": "1.6.2",
        "@restatedev/restate-server-linux-arm64": "1.6.2",
        "@restatedev/restate-server-linux-x64": "1.6.2"
      }
    },
    "node_modules/@restatedev/restate-server-darwin-arm64": {
      "version": "1.6.2",
      "resolved": "https://registry.npmjs.org/@restatedev/restate-server-darwin-arm64/-/restate-server-darwin-arm64-1.6.2.tgz",
      "integrity": "sha512-/cw2HE16bTLaNTjvPncwHpN+Sv61O8y9IYYUGeal0n23wTG4pUR33ZgpiqNv81ODsHnORFkiEil5UXmzgFCdNQ==",
      "cpu": [
        "arm64"
      ],
      "dev": true,
      "license": "BSL",
      "optional": true,
      "os": [
        "darwin"
      ]
    },
    "node_modules/@restatedev/restate-server-darwin-x64": {
      "version": "1.6.2",
      "resolved": "https://registry.npmjs.org/@restatedev/restate-server-darwin-x64/-/restate-server-darwin-x64-1.6.2.tgz",
      "integrity": "sha512-voZ39O7AUyQUbDBXxjCRgNT7w/XN6DjVfwVSRchGSS7psQlsmoZzk8j9QoFJ2YsRmNwOHZadwP9ffs2mKlnA4A==",
      "cpu": [
        "x64"
      ],
      "dev": true,
      "license": "BSL",
      "optional": true,
      "os": [
        "darwin"
      ]
    },
    "node_modules/@restatedev/restate-server-linux-arm64": {
      "version": "1.6.2",
      "resolved": "https://registry.npmjs.org/@restatedev/restate-server-linux-arm64/-/restate-server-linux-arm64-1.6.2.tgz",
      "integrity": "sha512-JOEweul86tVoi+HZUJ7uviCFDwuQ0qTUcCxYqcVJz6fTEQ6LEWjAOquGXeExbsrEfqIKvSGjJNhdnodaZbWcPw==",
      "cpu": [
        "arm64"
      ],
      "dev": true,
      "license": "BSL",
      "optional": true,
      "os": [
        "linux"
      ]
    },
    "node_modules/@restatedev/restate-server-linux-x64": {
      "version": "1.6.2",
      "resolved": "https://registry.npmjs.org/@restatedev/restate-server-linux-x64/-/restate-server-linux-x64-1.6.2.tgz",
      "integrity": "sha512-hx83ecX0WqSsc9Kpqz13mPojfRqAi4OJ7yEPGtBvfw9sRrjXUXAytwDaNB7NUHeRwjMKYxCLzMxDWhphI9SJBA==",
      "cpu": [
        "x64"
      ],
      "dev": true,
      "license": "BSL",
      "optional": true,
      "os": [
        "linux"
      ]
    },
    "node_modules/@scarf/scarf": {
      "version": "1.4.0",
      "resolved": "https://registry.npmjs.org/@scarf/scarf/-/scarf-1.4.0.tgz",
      "integrity": "sha512-xxeapPiUXdZAE3che6f3xogoJPeZgig6omHEy1rIY5WVsB3H2BHNnZH+gHG6x91SCWyQCzWGsuL2Hh3ClO5/qQ==",
      "dev": true,
      "hasInstallScript": true,
      "license": "Apache-2.0"
    },
    "node_modules/@types/node": {
      "version": "22.19.19",
      "resolved": "https://registry.npmjs.org/@types/node/-/node-22.19.19.tgz",
      "integrity": "sha512-dyh/xO2Fh5bYrfWaaqGrRQQGkNdmYw6AmaAUvYeUMNTWQtvb796ikLdmTchRmOlOiIJ1TDXfWgVx1QkUlQ6Hew==",
      "dev": true,
      "license": "MIT",
      "dependencies": {
        "undici-types": "~6.21.0"
      }
    },
    "node_modules/typescript": {
      "version": "5.9.3",
      "resolved": "https://registry.npmjs.org/typescript/-/typescript-5.9.3.tgz",
      "integrity": "sha512-jl1vZzPDinLr9eUt3J/t7V6FgNEw9QjvBPdysz9KfQDD41fQrC2Y4vKQdiaUpFT4bXlb1RHhLpp8wtm6M5TgSw==",
      "dev": true,
      "license": "Apache-2.0",
      "bin": {
        "tsc": "bin/tsc",
        "tsserver": "bin/tsserver"
      },
      "engines": {
        "node": ">=14.17"
      }
    },
    "node_modules/undici-types": {
      "version": "6.21.0",
      "resolved": "https://registry.npmjs.org/undici-types/-/undici-types-6.21.0.tgz",
      "integrity": "sha512-iwDZqg0QAGrg9Rav5H4n0M64c3mkR59cJ6wQp+7C4nI0gsmExaedaYLNO44eT4AtBBwjbTiGPMlt2Md0T9H9JQ==",
      "dev": true,
      "license": "MIT"
    }
  }
}
